
Microsoft Visual Studio Solution File, Format Version 12.00
# Visual Studio 2012
Project("{FAE04EC0-301F-11D3-BF4B-00C04F79EFBC}") = "Taban Dönüştürme", "Taban Dönüştürme\Taban Dönüştürme.csproj", "{71E756FA-C3DB-40BC-9C2C-FAB8F8F8BF4D}"
EndProject
Project("{6141683F-8A12-4E36-9623-2EB02B2C2303}") = "Setup1", "Setup1\Setup1.isproj", "{DC719F30-2D87-4536-87B7-089207C0E5CB}"
	ProjectSection(ProjectDependencies) = postProject
		{71E756FA-C3DB-40BC-9C2C-FAB8F8F8BF4D} = {71E756FA-C3DB-40BC-9C2C-FAB8F8F8BF4D}
	EndProjectSection
EndProject
Global
	GlobalSection(SolutionConfigurationPlatforms) = preSolution
		All|Any CPU = All|Any CPU
		CD_ROM|Any CPU = CD_ROM|Any CPU
		Debug|Any CPU = Debug|Any CPU
		DVD-5|Any CPU = DVD-5|Any CPU
		Release|Any CPU = Release|Any CPU
		SingleImage|Any CPU = SingleImage|Any CPU
	EndGlobalSection
	GlobalSection(ProjectConfigurationPlatforms) = postSolution
		{71E756FA-C3DB-40BC-9C2C-FAB8F8F8BF4D}.All|Any CPU.ActiveCfg = Debug|Any CPU
		{71E756FA-C3DB-40BC-9C2C-FAB8F8F8BF4D}.All|Any CPU.Build.0 = Debug|Any CPU
		{71E756FA-C3DB-40BC-9C2C-FAB8F8F8BF4D}.CD_ROM|Any CPU.ActiveCfg = Release|Any CPU
		{71E756FA-C3DB-40BC-9C2C-FAB8F8F8BF4D}.CD_ROM|Any CPU.Build.0 = Release|Any CPU
		{71E756FA-C3DB-40BC-9C2C-FAB8F8F8BF4D}.Debug|Any CPU.ActiveCfg = Debug|Any CPU
		{71E756FA-C3DB-40BC-9C2C-FAB8F8F8BF4D}.Debug|Any CPU.Build.0 = Debug|Any CPU
		{71E756FA-C3DB-40BC-9C2C-FAB8F8F8BF4D}.DVD-5|Any CPU.ActiveCfg = Debug|Any CPU
		{71E756FA-C3DB-40BC-9C2C-FAB8F8F8BF4D}.DVD-5|Any CPU.Build.0 = Debug|Any CPU
		{71E756FA-C3DB-40BC-9C2C-FAB8F8F8BF4D}.Release|Any CPU.ActiveCfg = Release|Any CPU
		{71E756FA-C3DB-40BC-9C2C-FAB8F8F8BF4D}.Release|Any CPU.Build.0 = Release|Any CPU
		{71E756FA-C3DB-40BC-9C2C-FAB8F8F8BF4D}.SingleImage|Any CPU.ActiveCfg = Release|Any CPU
		{71E756FA-C3DB-40BC-9C2C-FAB8F8F8BF4D}.SingleImage|Any CPU.Build.0 = Release|Any CPU
		{DC719F30-2D87-4536-87B7-089207C0E5CB}.All|Any CPU.ActiveCfg = SingleImage
		{DC719F30-2D87-4536-87B7-089207C0E5CB}.All|Any CPU.Build.0 = SingleImage
		{DC719F30-2D87-4536-87B7-089207C0E5CB}.CD_ROM|Any CPU.ActiveCfg = CD_ROM
		{DC719F30-2D87-4536-87B7-089207C0E5CB}.CD_ROM|Any CPU.Build.0 = CD_ROM
		{DC719F30-2D87-4536-87B7-089207C0E5CB}.Debug|Any CPU.ActiveCfg = DVD-5
		{DC719F30-2D87-4536-87B7-089207C0E5CB}.Debug|Any CPU.Build.0 = DVD-5
		{DC719F30-2D87-4536-87B7-089207C0E5CB}.DVD-5|Any CPU.ActiveCfg = DVD-5
		{DC719F30-2D87-4536-87B7-089207C0E5CB}.DVD-5|Any CPU.Build.0 = DVD-5
		{DC719F30-2D87-4536-87B7-089207C0E5CB}.Release|Any CPU.ActiveCfg = SingleImage
		{DC719F30-2D87-4536-87B7-089207C0E5CB}.Release|Any CPU.Build.0 = SingleImage
		{DC719F30-2D87-4536-87B7-089207C0E5CB}.SingleImage|Any CPU.ActiveCfg = SingleImage
		{DC719F30-2D87-4536-87B7-089207C0E5CB}.SingleImage|Any CPU.Build.0 = SingleImage
	EndGlobalSection
	GlobalSection(SolutionProperties) = preSolution
		HideSolutionNode = FALSE
	EndGlobalSection
EndGlobal
